
Microsoft Visual Studio Solution File, Format Version 12.00
# Visual Studio 15
VisualStudioVersion = 15.0.28307.757
MinimumVisualStudioVersion = 10.0.40219.1
Project("{FAE04EC0-301F-11D3-BF4B-00C04F79EFBC}") = "wordform", "wordform\wordform.csproj", "{44ADC79B-C91C-4CA3-BD1E-617ADEEF5607}"
EndProject
Global
	GlobalSection(SolutionConfigurationPlatforms) = preSolution
		Debug|Any CPU = Debug|Any CPU
		Release|Any CPU = Release|Any CPU
	EndGlobalSection
	GlobalSection(ProjectConfigurationPlatforms) = postSolution
		{44ADC79B-C91C-4CA3-BD1E-617ADEEF5607}.Debug|Any CPU.ActiveCfg = Debug|Any CPU
		{44ADC79B-C91C-4CA3-BD1E-617ADEEF5607}.Debug|Any CPU.Build.0 = Debug|Any CPU
		{44ADC79B-C91C-4CA3-BD1E-617ADEEF5607}.Release|Any CPU.ActiveCfg = Release|Any CPU
		{44ADC79B-C91C-4CA3-BD1E-617ADEEF5607}.Release|Any CPU.Build.0 = Release|Any CPU
	EndGlobalSection
	GlobalSection(SolutionProperties) = preSolution
		HideSolutionNode = FALSE
	EndGlobalSection
	GlobalSection(ExtensibilityGlobals) = postSolution
		SolutionGuid = {86E8DEFB-625F-46AA-ABC5-9FA3E3C2AD1B}
	EndGlobalSection
EndGlobal
